
Microsoft Visual Studio Solution File, Format Version 12.00
# Visual Studio Version 17
VisualStudioVersion = 17.7.34031.279
MinimumVisualStudioVersion = 10.0.40219.1
Project("{FAE04EC0-301F-11D3-BF4B-00C04F79EFBC}") = "TestForm", "TestForm\TestForm.csproj", "{35395855-3B01-4BB9-8521-7283AE36014D}"
EndProject
Global
	GlobalSection(SolutionConfigurationPlatforms) = preSolution
		Debug|Any CPU = Debug|Any CPU
		Release|Any CPU = Release|Any CPU
	EndGlobalSection
	GlobalSection(ProjectConfigurationPlatforms) = postSolution
		{35395855-3B01-4BB9-8521-7283AE36014D}.Debug|Any CPU.ActiveCfg = Debug|Any CPU
		{35395855-3B01-4BB9-8521-7283AE36014D}.Debug|Any CPU.Build.0 = Debug|Any CPU
		{35395855-3B01-4BB9-8521-7283AE36014D}.Release|Any CPU.ActiveCfg = Release|Any CPU
		{35395855-3B01-4BB9-8521-7283AE36014D}.Release|Any CPU.Build.0 = Release|Any CPU
	EndGlobalSection
	GlobalSection(SolutionProperties) = preSolution
		HideSolutionNode = FALSE
	EndGlobalSection
	GlobalSection(ExtensibilityGlobals) = postSolution
		SolutionGuid = {EB3A0C69-2257-4E53-976E-33E66FF01955}
	EndGlobalSection
EndGlobal
